// !$*UTF8*$!
{
	archiveVersion = 1;
	classes = {
	};
	objectVersion = 46;
	objects = {

/* Begin PBXBuildFile section */
		64DCA4494B3ACF0E7B21C191 /* Pods_nzta.framework in Frameworks */ = {isa = PBXBuildFile; fileRef = E33452CB056B9F072D582CBB /* Pods_nzta.framework */; };
		750EA0541CFBD57200AF7A6E /* AVFoundation.framework in Frameworks */ = {isa = PBXBuildFile; fileRef = 750EA0531CFBD57200AF7A6E /* AVFoundation.framework */; };
		751179A61CF693BF003A0314 /* FBSDKCoreKit.framework in Frameworks */ = {isa = PBXBuildFile; fileRef = 751179A41CF693BF003A0314 /* FBSDKCoreKit.framework */; };
		751179A71CF693BF003A0314 /* FBSDKLoginKit.framework in Frameworks */ = {isa = PBXBuildFile; fileRef = 751179A51CF693BF003A0314 /* FBSDKLoginKit.framework */; };
		751E41291CF42224001A8BD5 /* MenuViewController.swift in Sources */ = {isa = PBXBuildFile; fileRef = 751E41281CF42224001A8BD5 /* MenuViewController.swift */; };
		751E412B1CF422A5001A8BD5 /* MenuViewCell.swift in Sources */ = {isa = PBXBuildFile; fileRef = 751E412A1CF422A5001A8BD5 /* MenuViewCell.swift */; };
		751E412D1CF4488F001A8BD5 /* MenuTransitionManager.swift in Sources */ = {isa = PBXBuildFile; fileRef = 751E412C1CF4488F001A8BD5 /* MenuTransitionManager.swift */; };
		751E412F1CF451F2001A8BD5 /* SubscriptionViewController.swift in Sources */ = {isa = PBXBuildFile; fileRef = 751E412E1CF451F2001A8BD5 /* SubscriptionViewController.swift */; };
		751E41311CF4620B001A8BD5 /* ProfileViewController.swift in Sources */ = {isa = PBXBuildFile; fileRef = 751E41301CF4620B001A8BD5 /* ProfileViewController.swift */; };
		753585051CFACAD7000C04CA /* ExistingEventsViewController.swift in Sources */ = {isa = PBXBuildFile; fileRef = 753585041CFACAD7000C04CA /* ExistingEventsViewController.swift */; };
		75446F521CF747A300C78F29 /* GoogleSignIn.bundle in Resources */ = {isa = PBXBuildFile; fileRef = 75446F501CF747A300C78F29 /* GoogleSignIn.bundle */; };
		75446F531CF747A300C78F29 /* GoogleSignIn.framework in Frameworks */ = {isa = PBXBuildFile; fileRef = 75446F511CF747A300C78F29 /* GoogleSignIn.framework */; };
		75446F551CF7482400C78F29 /* StoreKit.framework in Frameworks */ = {isa = PBXBuildFile; fileRef = 75446F541CF7482400C78F29 /* StoreKit.framework */; };
		75446F571CF7483200C78F29 /* AddressBook.framework in Frameworks */ = {isa = PBXBuildFile; fileRef = 75446F561CF7483200C78F29 /* AddressBook.framework */; };
		75446F591CF7484100C78F29 /* SystemConfiguration.framework in Frameworks */ = {isa = PBXBuildFile; fileRef = 75446F581CF7484100C78F29 /* SystemConfiguration.framework */; };
		755DD5581D0206AD009B6FE4 /* ImageDisplayViewController.swift in Sources */ = {isa = PBXBuildFile; fileRef = 755DD5571D0206AD009B6FE4 /* ImageDisplayViewController.swift */; };
		75A3F5401CF12CDE0033E70A /* PhotoGalleryViewCell.swift in Sources */ = {isa = PBXBuildFile; fileRef = 75A3F53F1CF12CDE0033E70A /* PhotoGalleryViewCell.swift */; };
		75A3F5421CF12D270033E70A /* PhotoGalleryViewController.swift in Sources */ = {isa = PBXBuildFile; fileRef = 75A3F5411CF12D270033E70A /* PhotoGalleryViewController.swift */; };
		75B622E41CF04ABD00493F98 /* AppDelegate.swift in Sources */ = {isa = PBXBuildFile; fileRef = 75B622E31CF04ABD00493F98 /* AppDelegate.swift */; };
		75B622E61CF04ABD00493F98 /* ViewController.swift in Sources */ = {isa = PBXBuildFile; fileRef = 75B622E51CF04ABD00493F98 /* ViewController.swift */; };
		75B622E91CF04ABD00493F98 /* Main.storyboard in Resources */ = {isa = PBXBuildFile; fileRef = 75B622E71CF04ABD00493F98 /* Main.storyboard */; };
		75B622EB1CF04ABD00493F98 /* Assets.xcassets in Resources */ = {isa = PBXBuildFile; fileRef = 75B622EA1CF04ABD00493F98 /* Assets.xcassets */; };
		75B622EE1CF04ABE00493F98 /* LaunchScreen.storyboard in Resources */ = {isa = PBXBuildFile; fileRef = 75B622EC1CF04ABE00493F98 /* LaunchScreen.storyboard */; };
		75B622F71CF0554700493F98 /* handlee-regular.ttf in Resources */ = {isa = PBXBuildFile; fileRef = 75B622F61CF054F700493F98 /* handlee-regular.ttf */; };
		75B622F91CF05DE000493F98 /* MemberViewController.swift in Sources */ = {isa = PBXBuildFile; fileRef = 75B622F81CF05DE000493F98 /* MemberViewController.swift */; };
		75B622FB1CF0630100493F98 /* MemberViewCell.swift in Sources */ = {isa = PBXBuildFile; fileRef = 75B622FA1CF0630100493F98 /* MemberViewCell.swift */; };
		75B622FD1CF076E400493F98 /* EventsViewController.swift in Sources */ = {isa = PBXBuildFile; fileRef = 75B622FC1CF076E400493F98 /* EventsViewController.swift */; };
		75B622FF1CF0773100493F98 /* EventsViewCell.swift in Sources */ = {isa = PBXBuildFile; fileRef = 75B622FE1CF0773100493F98 /* EventsViewCell.swift */; };
		75CF433A1CF99FFA005C6BCA /* InviteFriendViewController.swift in Sources */ = {isa = PBXBuildFile; fileRef = 75CF43391CF99FFA005C6BCA /* InviteFriendViewController.swift */; };
		75D0BDE61CF17AB8009E030F /* VideoGalleryViewController.swift in Sources */ = {isa = PBXBuildFile; fileRef = 75D0BDE51CF17AB8009E030F /* VideoGalleryViewController.swift */; };
		75D0BDE81CF17B1E009E030F /* VideoGalleryViewCell.swift in Sources */ = {isa = PBXBuildFile; fileRef = 75D0BDE71CF17B1E009E030F /* VideoGalleryViewCell.swift */; };
		75D0EBE81CF97EEA00563C68 /* AVKit.framework in Frameworks */ = {isa = PBXBuildFile; fileRef = 75D0EBE71CF97EEA00563C68 /* AVKit.framework */; };
		75D0EBEA1CF97F0800563C68 /* MediaPlayer.framework in Frameworks */ = {isa = PBXBuildFile; fileRef = 75D0EBE91CF97F0800563C68 /* MediaPlayer.framework */; };
		75D0EBF41CF9819C00563C68 /* PlayVideoViewController.swift in Sources */ = {isa = PBXBuildFile; fileRef = 75D0EBF31CF9819C00563C68 /* PlayVideoViewController.swift */; };
		75D4C7101D00F217008F06B3 /* NotificationViewController.swift in Sources */ = {isa = PBXBuildFile; fileRef = 75D4C70F1D00F217008F06B3 /* NotificationViewController.swift */; };
		75FEE88B1D01CD5300814F82 /* iCarousel.m in Sources */ = {isa = PBXBuildFile; fileRef = 75FEE88A1D01CD5300814F82 /* iCarousel.m */; };
		75FEE88D1D01CDB100814F82 /* TeamViewController.swift in Sources */ = {isa = PBXBuildFile; fileRef = 75FEE88C1D01CDB100814F82 /* TeamViewController.swift */; };
/* End PBXBuildFile section */

/* Begin PBXFileReference section */
		2B567CF55897306DEA9262D1 /* Pods-nzta.debug.xcconfig */ = {isa = PBXFileReference; includeInIndex = 1; lastKnownFileType = text.xcconfig; name = "Pods-nzta.debug.xcconfig"; path = "Pods/Target Support Files/Pods-nzta/Pods-nzta.debug.xcconfig"; sourceTree = "<group>"; };
		565EE79F3C76D58BA15432AD /* Pods-nzta.release.xcconfig */ = {isa = PBXFileReference; includeInIndex = 1; lastKnownFileType = text.xcconfig; name = "Pods-nzta.release.xcconfig"; path = "Pods/Target Support Files/Pods-nzta/Pods-nzta.release.xcconfig"; sourceTree = "<group>"; };
		750EA0531CFBD57200AF7A6E /* AVFoundation.framework */ = {isa = PBXFileReference; lastKnownFileType = wrapper.framework; name = AVFoundation.framework; path = System/Library/Frameworks/AVFoundation.framework; sourceTree = SDKROOT; };
		751179A41CF693BF003A0314 /* FBSDKCoreKit.framework */ = {isa = PBXFileReference; lastKnownFileType = wrapper.framework; path = FBSDKCoreKit.framework; sourceTree = "<group>"; };
		751179A51CF693BF003A0314 /* FBSDKLoginKit.framework */ = {isa = PBXFileReference; lastKnownFileType = wrapper.framework; path = FBSDKLoginKit.framework; sourceTree = "<group>"; };
		751E41281CF42224001A8BD5 /* MenuViewController.swift */ = {isa = PBXFileReference; fileEncoding = 4; lastKnownFileType = sourcecode.swift; name = MenuViewController.swift; path = ../MenuViewController.swift; sourceTree = "<group>"; };
		751E412A1CF422A5001A8BD5 /* MenuViewCell.swift */ = {isa = PBXFileReference; fileEncoding = 4; lastKnownFileType = sourcecode.swift; path = MenuViewCell.swift; sourceTree = "<group>"; };
		751E412C1CF4488F001A8BD5 /* MenuTransitionManager.swift */ = {isa = PBXFileReference; fileEncoding = 4; lastKnownFileType = sourcecode.swift; path = MenuTransitionManager.swift; sourceTree = "<group>"; };
		751E412E1CF451F2001A8BD5 /* SubscriptionViewController.swift */ = {isa = PBXFileReference; fileEncoding = 4; lastKnownFileType = sourcecode.swift; path = SubscriptionViewController.swift; sourceTree = "<group>"; };
		751E41301CF4620B001A8BD5 /* ProfileViewController.swift */ = {isa = PBXFileReference; fileEncoding = 4; lastKnownFileType = sourcecode.swift; path = ProfileViewController.swift; sourceTree = "<group>"; };
		753585041CFACAD7000C04CA /* ExistingEventsViewController.swift */ = {isa = PBXFileReference; fileEncoding = 4; lastKnownFileType = sourcecode.swift; path = ExistingEventsViewController.swift; sourceTree = "<group>"; };
		75446F501CF747A300C78F29 /* GoogleSignIn.bundle */ = {isa = PBXFileReference; lastKnownFileType = "wrapper.plug-in"; path = GoogleSignIn.bundle; sourceTree = "<group>"; };
		75446F511CF747A300C78F29 /* GoogleSignIn.framework */ = {isa = PBXFileReference; lastKnownFileType = wrapper.framework; path = GoogleSignIn.framework; sourceTree = "<group>"; };
		75446F541CF7482400C78F29 /* StoreKit.framework */ = {isa = PBXFileReference; lastKnownFileType = wrapper.framework; name = StoreKit.framework; path = System/Library/Frameworks/StoreKit.framework; sourceTree = SDKROOT; };
		75446F561CF7483200C78F29 /* AddressBook.framework */ = {isa = PBXFileReference; lastKnownFileType = wrapper.framework; name = AddressBook.framework; path = System/Library/Frameworks/AddressBook.framework; sourceTree = SDKROOT; };
		75446F581CF7484100C78F29 /* SystemConfiguration.framework */ = {isa = PBXFileReference; lastKnownFileType = wrapper.framework; name = SystemConfiguration.framework; path = System/Library/Frameworks/SystemConfiguration.framework; sourceTree = SDKROOT; };
		755DD5571D0206AD009B6FE4 /* ImageDisplayViewController.swift */ = {isa = PBXFileReference; fileEncoding = 4; lastKnownFileType = sourcecode.swift; path = ImageDisplayViewController.swift; sourceTree = "<group>"; };
		755E529D1CF6997500DBE1C4 /* nzta__-Bridging-Header.h */ = {isa = PBXFileReference; lastKnownFileType = sourcecode.c.h; path = "nzta__-Bridging-Header.h"; sourceTree = "<group>"; };
		75A3F53F1CF12CDE0033E70A /* PhotoGalleryViewCell.swift */ = {isa = PBXFileReference; fileEncoding = 4; lastKnownFileType = sourcecode.swift; path = PhotoGalleryViewCell.swift; sourceTree = "<group>"; };
		75A3F5411CF12D270033E70A /* PhotoGalleryViewController.swift */ = {isa = PBXFileReference; fileEncoding = 4; lastKnownFileType = sourcecode.swift; path = PhotoGalleryViewController.swift; sourceTree = "<group>"; };
		75B622E01CF04ABC00493F98 /* nzta.app */ = {isa = PBXFileReference; explicitFileType = wrapper.application; includeInIndex = 0; path = nzta.app; sourceTree = BUILT_PRODUCTS_DIR; };
		75B622E31CF04ABD00493F98 /* AppDelegate.swift */ = {isa = PBXFileReference; lastKnownFileType = sourcecode.swift; path = AppDelegate.swift; sourceTree = "<group>"; };
		75B622E51CF04ABD00493F98 /* ViewController.swift */ = {isa = PBXFileReference; lastKnownFileType = sourcecode.swift; path = ViewController.swift; sourceTree = "<group>"; };
		75B622E81CF04ABD00493F98 /* Base */ = {isa = PBXFileReference; lastKnownFileType = file.storyboard; name = Base; path = Base.lproj/Main.storyboard; sourceTree = "<group>"; };
		75B622EA1CF04ABD00493F98 /* Assets.xcassets */ = {isa = PBXFileReference; lastKnownFileType = folder.assetcatalog; path = Assets.xcassets; sourceTree = "<group>"; };
		75B622ED1CF04ABE00493F98 /* Base */ = {isa = PBXFileReference; lastKnownFileType = file.storyboard; name = Base; path = Base.lproj/LaunchScreen.storyboard; sourceTree = "<group>"; };
		75B622EF1CF04ABE00493F98 /* Info.plist */ = {isa = PBXFileReference; lastKnownFileType = text.plist.xml; path = Info.plist; sourceTree = "<group>"; };
		75B622F61CF054F700493F98 /* handlee-regular.ttf */ = {isa = PBXFileReference; lastKnownFileType = file; path = "handlee-regular.ttf"; sourceTree = "<group>"; };
		75B622F81CF05DE000493F98 /* MemberViewController.swift */ = {isa = PBXFileReference; fileEncoding = 4; lastKnownFileType = sourcecode.swift; path = MemberViewController.swift; sourceTree = "<group>"; };
		75B622FA1CF0630100493F98 /* MemberViewCell.swift */ = {isa = PBXFileReference; fileEncoding = 4; lastKnownFileType = sourcecode.swift; path = MemberViewCell.swift; sourceTree = "<group>"; };
		75B622FC1CF076E400493F98 /* EventsViewController.swift */ = {isa = PBXFileReference; fileEncoding = 4; lastKnownFileType = sourcecode.swift; path = EventsViewController.swift; sourceTree = "<group>"; };
		75B622FE1CF0773100493F98 /* EventsViewCell.swift */ = {isa = PBXFileReference; fileEncoding = 4; lastKnownFileType = sourcecode.swift; path = EventsViewCell.swift; sourceTree = "<group>"; };
		75CF43391CF99FFA005C6BCA /* InviteFriendViewController.swift */ = {isa = PBXFileReference; fileEncoding = 4; lastKnownFileType = sourcecode.swift; path = InviteFriendViewController.swift; sourceTree = "<group>"; };
		75D0BDE51CF17AB8009E030F /* VideoGalleryViewController.swift */ = {isa = PBXFileReference; fileEncoding = 4; lastKnownFileType = sourcecode.swift; path = VideoGalleryViewController.swift; sourceTree = "<group>"; };
		75D0BDE71CF17B1E009E030F /* VideoGalleryViewCell.swift */ = {isa = PBXFileReference; fileEncoding = 4; lastKnownFileType = sourcecode.swift; path = VideoGalleryViewCell.swift; sourceTree = "<group>"; };
		75D0EBE71CF97EEA00563C68 /* AVKit.framework */ = {isa = PBXFileReference; lastKnownFileType = wrapper.framework; name = AVKit.framework; path = System/Library/Frameworks/AVKit.framework; sourceTree = SDKROOT; };
		75D0EBE91CF97F0800563C68 /* MediaPlayer.framework */ = {isa = PBXFileReference; lastKnownFileType = wrapper.framework; name = MediaPlayer.framework; path = System/Library/Frameworks/MediaPlayer.framework; sourceTree = SDKROOT; };
		75D0EBF31CF9819C00563C68 /* PlayVideoViewController.swift */ = {isa = PBXFileReference; fileEncoding = 4; lastKnownFileType = sourcecode.swift; path = PlayVideoViewController.swift; sourceTree = "<group>"; };
		75D4C70F1D00F217008F06B3 /* NotificationViewController.swift */ = {isa = PBXFileReference; fileEncoding = 4; lastKnownFileType = sourcecode.swift; path = NotificationViewController.swift; sourceTree = "<group>"; };
		75FEE8881D01CD5200814F82 /* nzta-Bridging-Header.h */ = {isa = PBXFileReference; lastKnownFileType = sourcecode.c.h; path = "nzta-Bridging-Header.h"; sourceTree = "<group>"; };
		75FEE8891D01CD5300814F82 /* iCarousel.h */ = {isa = PBXFileReference; fileEncoding = 4; lastKnownFileType = sourcecode.c.h; path = iCarousel.h; sourceTree = "<group>"; };
		75FEE88A1D01CD5300814F82 /* iCarousel.m */ = {isa = PBXFileReference; fileEncoding = 4; lastKnownFileType = sourcecode.c.objc; path = iCarousel.m; sourceTree = "<group>"; };
		75FEE88C1D01CDB100814F82 /* TeamViewController.swift */ = {isa = PBXFileReference; fileEncoding = 4; lastKnownFileType = sourcecode.swift; path = TeamViewController.swift; sourceTree = "<group>"; };
		E33452CB056B9F072D582CBB /* Pods_nzta.framework */ = {isa = PBXFileReference; explicitFileType = wrapper.framework; includeInIndex = 0; path = Pods_nzta.framework; sourceTree = BUILT_PRODUCTS_DIR; };
/* End PBXFileReference section */

/* Begin PBXFrameworksBuildPhase section */
		75B622DD1CF04ABC00493F98 /* Frameworks */ = {
			isa = PBXFrameworksBuildPhase;
			buildActionMask = 2147483647;
			files = (
				750EA0541CFBD57200AF7A6E /* AVFoundation.framework in Frameworks */,
				75D0EBEA1CF97F0800563C68 /* MediaPlayer.framework in Frameworks */,
				75D0EBE81CF97EEA00563C68 /* AVKit.framework in Frameworks */,
				75446F591CF7484100C78F29 /* SystemConfiguration.framework in Frameworks */,
				75446F571CF7483200C78F29 /* AddressBook.framework in Frameworks */,
				75446F551CF7482400C78F29 /* StoreKit.framework in Frameworks */,
				64DCA4494B3ACF0E7B21C191 /* Pods_nzta.framework in Frameworks */,
				751179A61CF693BF003A0314 /* FBSDKCoreKit.framework in Frameworks */,
				751179A71CF693BF003A0314 /* FBSDKLoginKit.framework in Frameworks */,
				75446F531CF747A300C78F29 /* GoogleSignIn.framework in Frameworks */,
			);
			runOnlyForDeploymentPostprocessing = 0;
		};
/* End PBXFrameworksBuildPhase section */

/* Begin PBXGroup section */
		5856F1FE657B5DDD4853E3A9 /* Pods */ = {
			isa = PBXGroup;
			children = (
				2B567CF55897306DEA9262D1 /* Pods-nzta.debug.xcconfig */,
				565EE79F3C76D58BA15432AD /* Pods-nzta.release.xcconfig */,
			);
			name = Pods;
			sourceTree = "<group>";
		};
		75B622D71CF04ABC00493F98 = {
			isa = PBXGroup;
			children = (
				75B622E21CF04ABD00493F98 /* nzta */,
				75B622E11CF04ABC00493F98 /* Products */,
				5856F1FE657B5DDD4853E3A9 /* Pods */,
				DB161817BD7CA58465924D53 /* Frameworks */,
			);
			sourceTree = "<group>";
		};
		75B622E11CF04ABC00493F98 /* Products */ = {
			isa = PBXGroup;
			children = (
				75B622E01CF04ABC00493F98 /* nzta.app */,
			);
			name = Products;
			sourceTree = "<group>";
		};
		75B622E21CF04ABD00493F98 /* nzta */ = {
			isa = PBXGroup;
			children = (
				75B622F51CF053C700493F98 /* Resources */,
				75B622E31CF04ABD00493F98 /* AppDelegate.swift */,
				751E41281CF42224001A8BD5 /* MenuViewController.swift */,
				75B622E51CF04ABD00493F98 /* ViewController.swift */,
				75B622E71CF04ABD00493F98 /* Main.storyboard */,
				75FEE8891D01CD5300814F82 /* iCarousel.h */,
				75FEE88A1D01CD5300814F82 /* iCarousel.m */,
				75A3F5411CF12D270033E70A /* PhotoGalleryViewController.swift */,
				75A3F53F1CF12CDE0033E70A /* PhotoGalleryViewCell.swift */,
				75B622EA1CF04ABD00493F98 /* Assets.xcassets */,
				75B622EC1CF04ABE00493F98 /* LaunchScreen.storyboard */,
				75B622EF1CF04ABE00493F98 /* Info.plist */,
				75B622F81CF05DE000493F98 /* MemberViewController.swift */,
				75B622FC1CF076E400493F98 /* EventsViewController.swift */,
				75B622FA1CF0630100493F98 /* MemberViewCell.swift */,
				75B622FE1CF0773100493F98 /* EventsViewCell.swift */,
				75446F501CF747A300C78F29 /* GoogleSignIn.bundle */,
				75446F511CF747A300C78F29 /* GoogleSignIn.framework */,
				75D0BDE51CF17AB8009E030F /* VideoGalleryViewController.swift */,
				75D0BDE71CF17B1E009E030F /* VideoGalleryViewCell.swift */,
				751E412A1CF422A5001A8BD5 /* MenuViewCell.swift */,
				751179A41CF693BF003A0314 /* FBSDKCoreKit.framework */,
				751179A51CF693BF003A0314 /* FBSDKLoginKit.framework */,
				751E412C1CF4488F001A8BD5 /* MenuTransitionManager.swift */,
				751E412E1CF451F2001A8BD5 /* SubscriptionViewController.swift */,
				751E41301CF4620B001A8BD5 /* ProfileViewController.swift */,
				755E529D1CF6997500DBE1C4 /* nzta__-Bridging-Header.h */,
				75D0EBF31CF9819C00563C68 /* PlayVideoViewController.swift */,
				75CF43391CF99FFA005C6BCA /* InviteFriendViewController.swift */,
				753585041CFACAD7000C04CA /* ExistingEventsViewController.swift */,
				75D4C70F1D00F217008F06B3 /* NotificationViewController.swift */,
				75FEE8881D01CD5200814F82 /* nzta-Bridging-Header.h */,
				75FEE88C1D01CDB100814F82 /* TeamViewController.swift */,
				755DD5571D0206AD009B6FE4 /* ImageDisplayViewController.swift */,
			);
			path = nzta;
			sourceTree = "<group>";
		};
		75B622F51CF053C700493F98 /* Resources */ = {
			isa = PBXGroup;
			children = (
				75B622F61CF054F700493F98 /* handlee-regular.ttf */,
			);
			name = Resources;
			sourceTree = "<group>";
		};
		DB161817BD7CA58465924D53 /* Frameworks */ = {
			isa = PBXGroup;
			children = (
				750EA0531CFBD57200AF7A6E /* AVFoundation.framework */,
				75D0EBE91CF97F0800563C68 /* MediaPlayer.framework */,
				75D0EBE71CF97EEA00563C68 /* AVKit.framework */,
				75446F581CF7484100C78F29 /* SystemConfiguration.framework */,
				75446F561CF7483200C78F29 /* AddressBook.framework */,
				75446F541CF7482400C78F29 /* StoreKit.framework */,
				E33452CB056B9F072D582CBB /* Pods_nzta.framework */,
			);
			name = Frameworks;
			sourceTree = "<group>";
		};
/* End PBXGroup section */

/* Begin PBXNativeTarget section */
		75B622DF1CF04ABC00493F98 /* nzta */ = {
			isa = PBXNativeTarget;
			buildConfigurationList = 75B622F21CF04ABE00493F98 /* Build configuration list for PBXNativeTarget "nzta" */;
			buildPhases = (
				0BBDD91362D640CDBE5A1E55 /* 📦 Check Pods Manifest.lock */,
				75B622DC1CF04ABC00493F98 /* Sources */,
				75B622DD1CF04ABC00493F98 /* Frameworks */,
				75B622DE1CF04ABC00493F98 /* Resources */,
				F5E5E9AF26E330C3ED80164D /* 📦 Embed Pods Frameworks */,
				44A564E99F06A58E6045A27B /* 📦 Copy Pods Resources */,
			);
			buildRules = (
			);
			dependencies = (
			);
			name = nzta;
			productName = nzta;
			productReference = 75B622E01CF04ABC00493F98 /* nzta.app */;
			productType = "com.apple.product-type.application";
		};
/* End PBXNativeTarget section */

/* Begin PBXProject section */
		75B622D81CF04ABC00493F98 /* Project object */ = {
			isa = PBXProject;
			attributes = {
				LastSwiftUpdateCheck = 0730;
				LastUpgradeCheck = 0730;
				ORGANIZATIONNAME = tokkalo.com;
				TargetAttributes = {
					75B622DF1CF04ABC00493F98 = {
						CreatedOnToolsVersion = 7.3.1;
						DevelopmentTeam = CD7MJQYH5P;
						SystemCapabilities = {
							com.apple.BackgroundModes = {
								enabled = 1;
							};
							com.apple.InAppPurchase = {
								enabled = 0;
							};
							com.apple.Push = {
								enabled = 1;
							};
						};
					};
				};
			};
			buildConfigurationList = 75B622DB1CF04ABC00493F98 /* Build configuration list for PBXProject "nzta" */;
			compatibilityVersion = "Xcode 3.2";
			developmentRegion = English;
			hasScannedForEncodings = 0;
			knownRegions = (
				en,
				Base,
			);
			mainGroup = 75B622D71CF04ABC00493F98;
			productRefGroup = 75B622E11CF04ABC00493F98 /* Products */;
			projectDirPath = "";
			projectRoot = "";
			targets = (
				75B622DF1CF04ABC00493F98 /* nzta */,
			);
		};
/* End PBXProject section */

/* Begin PBXResourcesBuildPhase section */
		75B622DE1CF04ABC00493F98 /* Resources */ = {
			isa = PBXResourcesBuildPhase;
			buildActionMask = 2147483647;
			files = (
				75B622F71CF0554700493F98 /* handlee-regular.ttf in Resources */,
				75B622EE1CF04ABE00493F98 /* LaunchScreen.storyboard in Resources */,
				75B622EB1CF04ABD00493F98 /* Assets.xcassets in Resources */,
				75446F521CF747A300C78F29 /* GoogleSignIn.bundle in Resources */,
				75B622E91CF04ABD00493F98 /* Main.storyboard in Resources */,
			);
			runOnlyForDeploymentPostprocessing = 0;
		};
/* End PBXResourcesBuildPhase section */

/* Begin PBXShellScriptBuildPhase section */
		0BBDD91362D640CDBE5A1E55 /* 📦 Check Pods Manifest.lock */ = {
			isa = PBXShellScriptBuildPhase;
			buildActionMask = 2147483647;
			files = (
			);
			inputPaths = (
			);
			name = "📦 Check Pods Manifest.lock";
			outputPaths = (
			);
			runOnlyForDeploymentPostprocessing = 0;
			shellPath = /bin/sh;
			shellScript = "diff \"${PODS_ROOT}/../Podfile.lock\" \"${PODS_ROOT}/Manifest.lock\" > /dev/null\nif [[ $? != 0 ]] ; then\n    cat << EOM\nerror: The sandbox is not in sync with the Podfile.lock. Run 'pod install' or update your CocoaPods installation.\nEOM\n    exit 1\nfi\n";
			showEnvVarsInLog = 0;
		};
		44A564E99F06A58E6045A27B /* 📦 Copy Pods Resources */ = {
			isa = PBXShellScriptBuildPhase;
			buildActionMask = 2147483647;
			files = (
			);
			inputPaths = (
			);
			name = "📦 Copy Pods Resources";
			outputPaths = (
			);
			runOnlyForDeploymentPostprocessing = 0;
			shellPath = /bin/sh;
			shellScript = "\"${SRCROOT}/Pods/Target Support Files/Pods-nzta/Pods-nzta-resources.sh\"\n";
			showEnvVarsInLog = 0;
		};
		F5E5E9AF26E330C3ED80164D /* 📦 Embed Pods Frameworks */ = {
			isa = PBXShellScriptBuildPhase;
			buildActionMask = 2147483647;
			files = (
			);
			inputPaths = (
			);
			name = "📦 Embed Pods Frameworks";
			outputPaths = (
			);
			runOnlyForDeploymentPostprocessing = 0;
			shellPath = /bin/sh;
			shellScript = "\"${SRCROOT}/Pods/Target Support Files/Pods-nzta/Pods-nzta-frameworks.sh\"\n";
			showEnvVarsInLog = 0;
		};
/* End PBXShellScriptBuildPhase section */

/* Begin PBXSourcesBuildPhase section */
		75B622DC1CF04ABC00493F98 /* Sources */ = {
			isa = PBXSourcesBuildPhase;
			buildActionMask = 2147483647;
			files = (
				75A3F5421CF12D270033E70A /* PhotoGalleryViewController.swift in Sources */,
				75A3F5401CF12CDE0033E70A /* PhotoGalleryViewCell.swift in Sources */,
				75D0BDE61CF17AB8009E030F /* VideoGalleryViewController.swift in Sources */,
				75B622F91CF05DE000493F98 /* MemberViewController.swift in Sources */,
				75D0EBF41CF9819C00563C68 /* PlayVideoViewController.swift in Sources */,
				751E41291CF42224001A8BD5 /* MenuViewController.swift in Sources */,
				755DD5581D0206AD009B6FE4 /* ImageDisplayViewController.swift in Sources */,
				751E412B1CF422A5001A8BD5 /* MenuViewCell.swift in Sources */,
				75B622FF1CF0773100493F98 /* EventsViewCell.swift in Sources */,
				753585051CFACAD7000C04CA /* ExistingEventsViewController.swift in Sources */,
				75B622E61CF04ABD00493F98 /* ViewController.swift in Sources */,
				751E412F1CF451F2001A8BD5 /* SubscriptionViewController.swift in Sources */,
				75B622FB1CF0630100493F98 /* MemberViewCell.swift in Sources */,
				75FEE88B1D01CD5300814F82 /* iCarousel.m in Sources */,
				75FEE88D1D01CDB100814F82 /* TeamViewController.swift in Sources */,
				75D4C7101D00F217008F06B3 /* NotificationViewController.swift in Sources */,
				751E412D1CF4488F001A8BD5 /* MenuTransitionManager.swift in Sources */,
				75CF433A1CF99FFA005C6BCA /* InviteFriendViewController.swift in Sources */,
				75D0BDE81CF17B1E009E030F /* VideoGalleryViewCell.swift in Sources */,
				751E41311CF4620B001A8BD5 /* ProfileViewController.swift in Sources */,
				75B622E41CF04ABD00493F98 /* AppDelegate.swift in Sources */,
				75B622FD1CF076E400493F98 /* EventsViewController.swift in Sources */,
			);
			runOnlyForDeploymentPostprocessing = 0;
		};
/* End PBXSourcesBuildPhase section */

/* Begin PBXVariantGroup section */
		75B622E71CF04ABD00493F98 /* Main.storyboard */ = {
			isa = PBXVariantGroup;
			children = (
				75B622E81CF04ABD00493F98 /* Base */,
			);
			name = Main.storyboard;
			sourceTree = "<group>";
		};
		75B622EC1CF04ABE00493F98 /* LaunchScreen.storyboard */ = {
			isa = PBXVariantGroup;
			children = (
				75B622ED1CF04ABE00493F98 /* Base */,
			);
			name = LaunchScreen.storyboard;
			sourceTree = "<group>";
		};
/* End PBXVariantGroup section */

/* Begin XCBuildConfiguration section */
		75B622F01CF04ABE00493F98 /* Debug */ = {
			isa = XCBuildConfiguration;
			buildSettings = {
				ALWAYS_SEARCH_USER_PATHS = NO;
				CLANG_ANALYZER_NONNULL = YES;
				CLANG_CXX_LANGUAGE_STANDARD = "gnu++0x";
				CLANG_CXX_LIBRARY = "libc++";
				CLANG_ENABLE_MODULES = YES;
				CLANG_ENABLE_OBJC_ARC = YES;
				CLANG_WARN_BOOL_CONVERSION = YES;
				CLANG_WARN_CONSTANT_CONVERSION = YES;
				CLANG_WARN_DIRECT_OBJC_ISA_USAGE = YES_ERROR;
				CLANG_WARN_EMPTY_BODY = YES;
				CLANG_WARN_ENUM_CONVERSION = YES;
				CLANG_WARN_INT_CONVERSION = YES;
				CLANG_WARN_OBJC_ROOT_CLASS = YES_ERROR;
				CLANG_WARN_UNREACHABLE_CODE = YES;
				CLANG_WARN__DUPLICATE_METHOD_MATCH = YES;
				"CODE_SIGN_IDENTITY[sdk=iphoneos*]" = "iPhone Developer";
				COPY_PHASE_STRIP = NO;
				DEBUG_INFORMATION_FORMAT = dwarf;
				ENABLE_STRICT_OBJC_MSGSEND = YES;
				ENABLE_TESTABILITY = YES;
				GCC_C_LANGUAGE_STANDARD = gnu99;
				GCC_DYNAMIC_NO_PIC = NO;
				GCC_NO_COMMON_BLOCKS = YES;
				GCC_OPTIMIZATION_LEVEL = 0;
				GCC_PREPROCESSOR_DEFINITIONS = (
					"DEBUG=1",
					"$(inherited)",
				);
				GCC_WARN_64_TO_32_BIT_CONVERSION = YES;
				GCC_WARN_ABOUT_RETURN_TYPE = YES_ERROR;
				GCC_WARN_UNDECLARED_SELECTOR = YES;
				GCC_WARN_UNINITIALIZED_AUTOS = YES_AGGRESSIVE;
				GCC_WARN_UNUSED_FUNCTION = YES;
				GCC_WARN_UNUSED_VARIABLE = YES;
				IPHONEOS_DEPLOYMENT_TARGET = 9.3;
				MTL_ENABLE_DEBUG_INFO = YES;
				ONLY_ACTIVE_ARCH = YES;
				SDKROOT = iphoneos;
				SWIFT_OPTIMIZATION_LEVEL = "-Onone";
			};
			name = Debug;
		};
		75B622F11CF04ABE00493F98 /* Release */ = {
			isa = XCBuildConfiguration;
			buildSettings = {
				ALWAYS_SEARCH_USER_PATHS = NO;
				CLANG_ANALYZER_NONNULL = YES;
				CLANG_CXX_LANGUAGE_STANDARD = "gnu++0x";
				CLANG_CXX_LIBRARY = "libc++";
				CLANG_ENABLE_MODULES = YES;
				CLANG_ENABLE_OBJC_ARC = YES;
				CLANG_WARN_BOOL_CONVERSION = YES;
				CLANG_WARN_CONSTANT_CONVERSION = YES;
				CLANG_WARN_DIRECT_OBJC_ISA_USAGE = YES_ERROR;
				CLANG_WARN_EMPTY_BODY = YES;
				CLANG_WARN_ENUM_CONVERSION = YES;
				CLANG_WARN_INT_CONVERSION = YES;
				CLANG_WARN_OBJC_ROOT_CLASS = YES_ERROR;
				CLANG_WARN_UNREACHABLE_CODE = YES;
				CLANG_WARN__DUPLICATE_METHOD_MATCH = YES;
				"CODE_SIGN_IDENTITY[sdk=iphoneos*]" = "iPhone Developer";
				COPY_PHASE_STRIP = NO;
				DEBUG_INFORMATION_FORMAT = "dwarf-with-dsym";
				ENABLE_NS_ASSERTIONS = NO;
				ENABLE_STRICT_OBJC_MSGSEND = YES;
				GCC_C_LANGUAGE_STANDARD = gnu99;
				GCC_NO_COMMON_BLOCKS = YES;
				GCC_WARN_64_TO_32_BIT_CONVERSION = YES;
				GCC_WARN_ABOUT_RETURN_TYPE = YES_ERROR;
				GCC_WARN_UNDECLARED_SELECTOR = YES;
				GCC_WARN_UNINITIALIZED_AUTOS = YES_AGGRESSIVE;
				GCC_WARN_UNUSED_FUNCTION = YES;
				GCC_WARN_UNUSED_VARIABLE = YES;
				IPHONEOS_DEPLOYMENT_TARGET = 9.3;
				MTL_ENABLE_DEBUG_INFO = NO;
				SDKROOT = iphoneos;
				VALIDATE_PRODUCT = YES;
			};
			name = Release;
		};
		75B622F31CF04ABE00493F98 /* Debug */ = {
			isa = XCBuildConfiguration;
			baseConfigurationReference = 2B567CF55897306DEA9262D1 /* Pods-nzta.debug.xcconfig */;
			buildSettings = {
				ASSETCATALOG_COMPILER_APPICON_NAME = AppIcon;
				CLANG_ENABLE_MODULES = YES;
				CODE_SIGN_IDENTITY = "iPhone Developer";
				"CODE_SIGN_IDENTITY[sdk=iphoneos*]" = "iPhone Developer";
				FRAMEWORK_SEARCH_PATHS = (
					"$(inherited)",
					"$(PROJECT_DIR)/nzta",
				);
				INFOPLIST_FILE = nzta/Info.plist;
				LD_RUNPATH_SEARCH_PATHS = "$(inherited) @executable_path/Frameworks";
				PRODUCT_BUNDLE_IDENTIFIER = com.tokkalo.nzta;
				PRODUCT_NAME = "$(TARGET_NAME)";
				PROVISIONING_PROFILE = "";
				SWIFT_OBJC_BRIDGING_HEADER = "nzta/nzta-Bridging-Header.h";
				SWIFT_OPTIMIZATION_LEVEL = "-Onone";
			};
			name = Debug;
		};
		75B622F41CF04ABE00493F98 /* Release */ = {
			isa = XCBuildConfiguration;
			baseConfigurationReference = 565EE79F3C76D58BA15432AD /* Pods-nzta.release.xcconfig */;
			buildSettings = {
				ASSETCATALOG_COMPILER_APPICON_NAME = AppIcon;
				CLANG_ENABLE_MODULES = YES;
				CODE_SIGN_IDENTITY = "iPhone Developer";
				"CODE_SIGN_IDENTITY[sdk=iphoneos*]" = "iPhone Developer";
				FRAMEWORK_SEARCH_PATHS = (
					"$(inherited)",
					"$(PROJECT_DIR)/nzta",
				);
				INFOPLIST_FILE = nzta/Info.plist;
				LD_RUNPATH_SEARCH_PATHS = "$(inherited) @executable_path/Frameworks";
				PRODUCT_BUNDLE_IDENTIFIER = com.tokkalo.nzta;
				PRODUCT_NAME = "$(TARGET_NAME)";
				PROVISIONING_PROFILE = "";
				SWIFT_OBJC_BRIDGING_HEADER = "nzta/nzta-Bridging-Header.h";
			};
			name = Release;
		};
/* End XCBuildConfiguration section */

/* Begin XCConfigurationList section */
		75B622DB1CF04ABC00493F98 /* Build configuration list for PBXProject "nzta" */ = {
			isa = XCConfigurationList;
			buildConfigurations = (
				75B622F01CF04ABE00493F98 /* Debug */,
				75B622F11CF04ABE00493F98 /* Release */,
			);
			defaultConfigurationIsVisible = 0;
			defaultConfigurationName = Release;
		};
		75B622F21CF04ABE00493F98 /* Build configuration list for PBXNativeTarget "nzta" */ = {
			isa = XCConfigurationList;
			buildConfigurations = (
				75B622F31CF04ABE00493F98 /* Debug */,
				75B622F41CF04ABE00493F98 /* Release */,
			);
			defaultConfigurationIsVisible = 0;
			defaultConfigurationName = Release;
		};
/* End XCConfigurationList section */
	};
	rootObject = 75B622D81CF04ABC00493F98 /* Project object */;
}
